// !$*UTF8*$!
{
	archiveVersion = 1;
	classes = {
	};
	objectVersion = 55;
	objects = {

/* Begin PBXBuildFile section */
		1CF86E8427CFE2AD0045E239 /* AppDelegate.swift in Sources */ = {isa = PBXBuildFile; fileRef = 1CF86E8327CFE2AD0045E239 /* AppDelegate.swift */; };
		1CF86E8627CFE2AD0045E239 /* SceneDelegate.swift in Sources */ = {isa = PBXBuildFile; fileRef = 1CF86E8527CFE2AD0045E239 /* SceneDelegate.swift */; };
		1CF86E8827CFE2AD0045E239 /* ViewController.swift in Sources */ = {isa = PBXBuildFile; fileRef = 1CF86E8727CFE2AD0045E239 /* ViewController.swift */; };
		1CF86E8B27CFE2AD0045E239 /* Main.storyboard in Resources */ = {isa = PBXBuildFile; fileRef = 1CF86E8927CFE2AD0045E239 /* Main.storyboard */; };
		1CF86E8D27CFE2AE0045E239 /* Assets.xcassets in Resources */ = {isa = PBXBuildFile; fileRef = 1CF86E8C27CFE2AE0045E239 /* Assets.xcassets */; };
		1CF86E9027CFE2AE0045E239 /* LaunchScreen.storyboard in Resources */ = {isa = PBXBuildFile; fileRef = 1CF86E8E27CFE2AE0045E239 /* LaunchScreen.storyboard */; };
		1CF86E9A27CFE3190045E239 /* ProfileView.xib in Resources */ = {isa = PBXBuildFile; fileRef = 1CF86E9927CFE3190045E239 /* ProfileView.xib */; };
		1CF86E9C27CFE43D0045E239 /* ProfileView.swift in Sources */ = {isa = PBXBuildFile; fileRef = 1CF86E9B27CFE43D0045E239 /* ProfileView.swift */; };
		1CF86E9E27CFE5680045E239 /* ProfileViewController.swift in Sources */ = {isa = PBXBuildFile; fileRef = 1CF86E9D27CFE5680045E239 /* ProfileViewController.swift */; };
		1CF86EA227CFE7270045E239 /* Profile.storyboard in Resources */ = {isa = PBXBuildFile; fileRef = 1CF86EA127CFE7270045E239 /* Profile.storyboard */; };
/* End PBXBuildFile section */

/* Begin PBXFileReference section */
		1CF86E8027CFE2AD0045E239 /* NetologyUI.app */ = {isa = PBXFileReference; explicitFileType = wrapper.application; includeInIndex = 0; path = NetologyUI.app; sourceTree = BUILT_PRODUCTS_DIR; };
		1CF86E8327CFE2AD0045E239 /* AppDelegate.swift */ = {isa = PBXFileReference; lastKnownFileType = sourcecode.swift; path = AppDelegate.swift; sourceTree = "<group>"; };
		1CF86E8527CFE2AD0045E239 /* SceneDelegate.swift */ = {isa = PBXFileReference; lastKnownFileType = sourcecode.swift; path = SceneDelegate.swift; sourceTree = "<group>"; };
		1CF86E8727CFE2AD0045E239 /* ViewController.swift */ = {isa = PBXFileReference; lastKnownFileType = sourcecode.swift; path = ViewController.swift; sourceTree = "<group>"; };
		1CF86E8A27CFE2AD0045E239 /* Base */ = {isa = PBXFileReference; lastKnownFileType = file.storyboard; name = Base; path = Base.lproj/Main.storyboard; sourceTree = "<group>"; };
		1CF86E8C27CFE2AE0045E239 /* Assets.xcassets */ = {isa = PBXFileReference; lastKnownFileType = folder.assetcatalog; path = Assets.xcassets; sourceTree = "<group>"; };
		1CF86E8F27CFE2AE0045E239 /* Base */ = {isa = PBXFileReference; lastKnownFileType = file.storyboard; name = Base; path = Base.lproj/LaunchScreen.storyboard; sourceTree = "<group>"; };
		1CF86E9127CFE2AE0045E239 /* Info.plist */ = {isa = PBXFileReference; lastKnownFileType = text.plist.xml; path = Info.plist; sourceTree = "<group>"; };
		1CF86E9927CFE3190045E239 /* ProfileView.xib */ = {isa = PBXFileReference; lastKnownFileType = file.xib; path = ProfileView.xib; sourceTree = "<group>"; };
		1CF86E9B27CFE43D0045E239 /* ProfileView.swift */ = {isa = PBXFileReference; lastKnownFileType = sourcecode.swift; path = ProfileView.swift; sourceTree = "<group>"; };
		1CF86E9D27CFE5680045E239 /* ProfileViewController.swift */ = {isa = PBXFileReference; lastKnownFileType = sourcecode.swift; path = ProfileViewController.swift; sourceTree = "<group>"; };
		1CF86EA127CFE7270045E239 /* Profile.storyboard */ = {isa = PBXFileReference; lastKnownFileType = file.storyboard; path = Profile.storyboard; sourceTree = "<group>"; };
/* End PBXFileReference section */

/* Begin PBXFrameworksBuildPhase section */
		1CF86E7D27CFE2AD0045E239 /* Frameworks */ = {
			isa = PBXFrameworksBuildPhase;
			buildActionMask = 2147483647;
			files = (
			);
			runOnlyForDeploymentPostprocessing = 0;
		};
/* End PBXFrameworksBuildPhase section */

/* Begin PBXGroup section */
		1CF86E7727CFE2AD0045E239 = {
			isa = PBXGroup;
			children = (
				1CF86E8227CFE2AD0045E239 /* NetologyUI */,
				1CF86E8127CFE2AD0045E239 /* Products */,
			);
			sourceTree = "<group>";
		};
		1CF86E8127CFE2AD0045E239 /* Products */ = {
			isa = PBXGroup;
			children = (
				1CF86E8027CFE2AD0045E239 /* NetologyUI.app */,
			);
			name = Products;
			sourceTree = "<group>";
		};
		1CF86E8227CFE2AD0045E239 /* NetologyUI */ = {
			isa = PBXGroup;
			children = (
				1CF86E8327CFE2AD0045E239 /* AppDelegate.swift */,
				1CF86E8527CFE2AD0045E239 /* SceneDelegate.swift */,
				1CF86E8727CFE2AD0045E239 /* ViewController.swift */,
				1CF86E9927CFE3190045E239 /* ProfileView.xib */,
				1CF86E9D27CFE5680045E239 /* ProfileViewController.swift */,
				1CF86EA127CFE7270045E239 /* Profile.storyboard */,
				1CF86E9B27CFE43D0045E239 /* ProfileView.swift */,
				1CF86E8927CFE2AD0045E239 /* Main.storyboard */,
				1CF86E8C27CFE2AE0045E239 /* Assets.xcassets */,
				1CF86E8E27CFE2AE0045E239 /* LaunchScreen.storyboard */,
				1CF86E9127CFE2AE0045E239 /* Info.plist */,
			);
			path = NetologyUI;
			sourceTree = "<group>";
		};
/* End PBXGroup section */

/* Begin PBXNativeTarget section */
		1CF86E7F27CFE2AD0045E239 /* NetologyUI */ = {
			isa = PBXNativeTarget;
			buildConfigurationList = 1CF86E9427CFE2AE0045E239 /* Build configuration list for PBXNativeTarget "NetologyUI" */;
			buildPhases = (
				1CF86E7C27CFE2AD0045E239 /* Sources */,
				1CF86E7D27CFE2AD0045E239 /* Frameworks */,
				1CF86E7E27CFE2AD0045E239 /* Resources */,
			);
			buildRules = (
			);
			dependencies = (
			);
			name = NetologyUI;
			productName = NetologyUI;
			productReference = 1CF86E8027CFE2AD0045E239 /* NetologyUI.app */;
			productType = "com.apple.product-type.application";
		};
/* End PBXNativeTarget section */

/* Begin PBXProject section */
		1CF86E7827CFE2AD0045E239 /* Project object */ = {
			isa = PBXProject;
			attributes = {
				BuildIndependentTargetsInParallel = 1;
				LastSwiftUpdateCheck = 1320;
				LastUpgradeCheck = 1320;
				TargetAttributes = {
					1CF86E7F27CFE2AD0045E239 = {
						CreatedOnToolsVersion = 13.2.1;
					};
				};
			};
			buildConfigurationList = 1CF86E7B27CFE2AD0045E239 /* Build configuration list for PBXProject "NetologyUI" */;
			compatibilityVersion = "Xcode 13.0";
			developmentRegion = en;
			hasScannedForEncodings = 0;
			knownRegions = (
				en,
				Base,
			);
			mainGroup = 1CF86E7727CFE2AD0045E239;
			productRefGroup = 1CF86E8127CFE2AD0045E239 /* Products */;
			projectDirPath = "";
			projectRoot = "";
			targets = (
				1CF86E7F27CFE2AD0045E239 /* NetologyUI */,
			);
		};
/* End PBXProject section */

/* Begin PBXResourcesBuildPhase section */
		1CF86E7E27CFE2AD0045E239 /* Resources */ = {
			isa = PBXResourcesBuildPhase;
			buildActionMask = 2147483647;
			files = (
				1CF86E9A27CFE3190045E239 /* ProfileView.xib in Resources */,
				1CF86E9027CFE2AE0045E239 /* LaunchScreen.storyboard in Resources */,
				1CF86EA227CFE7270045E239 /* Profile.storyboard in Resources */,
				1CF86E8D27CFE2AE0045E239 /* Assets.xcassets in Resources */,
				1CF86E8B27CFE2AD0045E239 /* Main.storyboard in Resources */,
			);
			runOnlyForDeploymentPostprocessing = 0;
		};
/* End PBXResourcesBuildPhase section */

/* Begin PBXSourcesBuildPhase section */
		1CF86E7C27CFE2AD0045E239 /* Sources */ = {
			isa = PBXSourcesBuildPhase;
			buildActionMask = 2147483647;
			files = (
				1CF86E9C27CFE43D0045E239 /* ProfileView.swift in Sources */,
				1CF86E8827CFE2AD0045E239 /* ViewController.swift in Sources */,
				1CF86E9E27CFE5680045E239 /* ProfileViewController.swift in Sources */,
				1CF86E8427CFE2AD0045E239 /* AppDelegate.swift in Sources */,
				1CF86E8627CFE2AD0045E239 /* SceneDelegate.swift in Sources */,
			);
			runOnlyForDeploymentPostprocessing = 0;
		};
/* End PBXSourcesBuildPhase section */

/* Begin PBXVariantGroup section */
		1CF86E8927CFE2AD0045E239 /* Main.storyboard */ = {
			isa = PBXVariantGroup;
			children = (
				1CF86E8A27CFE2AD0045E239 /* Base */,
			);
			name = Main.storyboard;
			sourceTree = "<group>";
		};
		1CF86E8E27CFE2AE0045E239 /* LaunchScreen.storyboard */ = {
			isa = PBXVariantGroup;
			children = (
				1CF86E8F27CFE2AE0045E239 /* Base */,
			);
			name = LaunchScreen.storyboard;
			sourceTree = "<group>";
		};
/* End PBXVariantGroup section */

/* Begin XCBuildConfiguration section */
		1CF86E9227CFE2AE0045E239 /* Debug */ = {
			isa = XCBuildConfiguration;
			buildSettings = {
				ALWAYS_SEARCH_USER_PATHS = NO;
				CLANG_ANALYZER_NONNULL = YES;
				CLANG_ANALYZER_NUMBER_OBJECT_CONVERSION = YES_AGGRESSIVE;
				CLANG_CXX_LANGUAGE_STANDARD = "gnu++17";
				CLANG_CXX_LIBRARY = "libc++";
				CLANG_ENABLE_MODULES = YES;
				CLANG_ENABLE_OBJC_ARC = YES;
				CLANG_ENABLE_OBJC_WEAK = YES;
				CLANG_WARN_BLOCK_CAPTURE_AUTORELEASING = YES;
				CLANG_WARN_BOOL_CONVERSION = YES;
				CLANG_WARN_COMMA = YES;
				CLANG_WARN_CONSTANT_CONVERSION = YES;
				CLANG_WARN_DEPRECATED_OBJC_IMPLEMENTATIONS = YES;
				CLANG_WARN_DIRECT_OBJC_ISA_USAGE = YES_ERROR;
				CLANG_WARN_DOCUMENTATION_COMMENTS = YES;
				CLANG_WARN_EMPTY_BODY = YES;
				CLANG_WARN_ENUM_CONVERSION = YES;
				CLANG_WARN_INFINITE_RECURSION = YES;
				CLANG_WARN_INT_CONVERSION = YES;
				CLANG_WARN_NON_LITERAL_NULL_CONVERSION = YES;
				CLANG_WARN_OBJC_IMPLICIT_RETAIN_SELF = YES;
				CLANG_WARN_OBJC_LITERAL_CONVERSION = YES;
				CLANG_WARN_OBJC_ROOT_CLASS = YES_ERROR;
				CLANG_WARN_QUOTED_INCLUDE_IN_FRAMEWORK_HEADER = YES;
				CLANG_WARN_RANGE_LOOP_ANALYSIS = YES;
				CLANG_WARN_STRICT_PROTOTYPES = YES;
				CLANG_WARN_SUSPICIOUS_MOVE = YES;
				CLANG_WARN_UNGUARDED_AVAILABILITY = YES_AGGRESSIVE;
				CLANG_WARN_UNREACHABLE_CODE = YES;
				CLANG_WARN__DUPLICATE_METHOD_MATCH = YES;
				COPY_PHASE_STRIP = NO;
				DEBUG_INFORMATION_FORMAT = dwarf;
				ENABLE_STRICT_OBJC_MSGSEND = YES;
				ENABLE_TESTABILITY = YES;
				GCC_C_LANGUAGE_STANDARD = gnu11;
				GCC_DYNAMIC_NO_PIC = NO;
				GCC_NO_COMMON_BLOCKS = YES;
				GCC_OPTIMIZATION_LEVEL = 0;
				GCC_PREPROCESSOR_DEFINITIONS = (
					"DEBUG=1",
					"$(inherited)",
				);
				GCC_WARN_64_TO_32_BIT_CONVERSION = YES;
				GCC_WARN_ABOUT_RETURN_TYPE = YES_ERROR;
				GCC_WARN_UNDECLARED_SELECTOR = YES;
				GCC_WARN_UNINITIALIZED_AUTOS = YES_AGGRESSIVE;
				GCC_WARN_UNUSED_FUNCTION = YES;
				GCC_WARN_UNUSED_VARIABLE = YES;
				IPHONEOS_DEPLOYMENT_TARGET = 15.2;
				MTL_ENABLE_DEBUG_INFO = INCLUDE_SOURCE;
				MTL_FAST_MATH = YES;
				ONLY_ACTIVE_ARCH = YES;
				SDKROOT = iphoneos;
				SWIFT_ACTIVE_COMPILATION_CONDITIONS = DEBUG;
				SWIFT_OPTIMIZATION_LEVEL = "-Onone";
			};
			name = Debug;
		};
		1CF86E9327CFE2AE0045E239 /* Release */ = {
			isa = XCBuildConfiguration;
			buildSettings = {
				ALWAYS_SEARCH_USER_PATHS = NO;
				CLANG_ANALYZER_NONNULL = YES;
				CLANG_ANALYZER_NUMBER_OBJECT_CONVERSION = YES_AGGRESSIVE;
				CLANG_CXX_LANGUAGE_STANDARD = "gnu++17";
				CLANG_CXX_LIBRARY = "libc++";
				CLANG_ENABLE_MODULES = YES;
				CLANG_ENABLE_OBJC_ARC = YES;
				CLANG_ENABLE_OBJC_WEAK = YES;
				CLANG_WARN_BLOCK_CAPTURE_AUTORELEASING = YES;
				CLANG_WARN_BOOL_CONVERSION = YES;
				CLANG_WARN_COMMA = YES;
				CLANG_WARN_CONSTANT_CONVERSION = YES;
				CLANG_WARN_DEPRECATED_OBJC_IMPLEMENTATIONS = YES;
				CLANG_WARN_DIRECT_OBJC_ISA_USAGE = YES_ERROR;
				CLANG_WARN_DOCUMENTATION_COMMENTS = YES;
				CLANG_WARN_EMPTY_BODY = YES;
				CLANG_WARN_ENUM_CONVERSION = YES;
				CLANG_WARN_INFINITE_RECURSION = YES;
				CLANG_WARN_INT_CONVERSION = YES;
				CLANG_WARN_NON_LITERAL_NULL_CONVERSION = YES;
				CLANG_WARN_OBJC_IMPLICIT_RETAIN_SELF = YES;
				CLANG_WARN_OBJC_LITERAL_CONVERSION = YES;
				CLANG_WARN_OBJC_ROOT_CLASS = YES_ERROR;
				CLANG_WARN_QUOTED_INCLUDE_IN_FRAMEWORK_HEADER = YES;
				CLANG_WARN_RANGE_LOOP_ANALYSIS = YES;
				CLANG_WARN_STRICT_PROTOTYPES = YES;
				CLANG_WARN_SUSPICIOUS_MOVE = YES;
				CLANG_WARN_UNGUARDED_AVAILABILITY = YES_AGGRESSIVE;
				CLANG_WARN_UNREACHABLE_CODE = YES;
				CLANG_WARN__DUPLICATE_METHOD_MATCH = YES;
				COPY_PHASE_STRIP = NO;
				DEBUG_INFORMATION_FORMAT = "dwarf-with-dsym";
				ENABLE_NS_ASSERTIONS = NO;
				ENABLE_STRICT_OBJC_MSGSEND = YES;
				GCC_C_LANGUAGE_STANDARD = gnu11;
				GCC_NO_COMMON_BLOCKS = YES;
				GCC_WARN_64_TO_32_BIT_CONVERSION = YES;
				GCC_WARN_ABOUT_RETURN_TYPE = YES_ERROR;
				GCC_WARN_UNDECLARED_SELECTOR = YES;
				GCC_WARN_UNINITIALIZED_AUTOS = YES_AGGRESSIVE;
				GCC_WARN_UNUSED_FUNCTION = YES;
				GCC_WARN_UNUSED_VARIABLE = YES;
				IPHONEOS_DEPLOYMENT_TARGET = 15.2;
				MTL_ENABLE_DEBUG_INFO = NO;
				MTL_FAST_MATH = YES;
				SDKROOT = iphoneos;
				SWIFT_COMPILATION_MODE = wholemodule;
				SWIFT_OPTIMIZATION_LEVEL = "-O";
				VALIDATE_PRODUCT = YES;
			};
			name = Release;
		};
		1CF86E9527CFE2AE0045E239 /* Debug */ = {
			isa = XCBuildConfiguration;
			buildSettings = {
				ASSETCATALOG_COMPILER_APPICON_NAME = AppIcon;
				ASSETCATALOG_COMPILER_GLOBAL_ACCENT_COLOR_NAME = AccentColor;
				CODE_SIGN_STYLE = Automatic;
				CURRENT_PROJECT_VERSION = 1;
				GENERATE_INFOPLIST_FILE = YES;
				INFOPLIST_FILE = NetologyUI/Info.plist;
				INFOPLIST_KEY_UIApplicationSupportsIndirectInputEvents = YES;
				INFOPLIST_KEY_UILaunchStoryboardName = Profile;
				INFOPLIST_KEY_UIMainStoryboardFile = Profile;
				INFOPLIST_KEY_UISupportedInterfaceOrientations = "UIInterfaceOrientationPortrait UIInterfaceOrientationLandscapeLeft UIInterfaceOrientationLandscapeRight";
				INFOPLIST_KEY_UISupportedInterfaceOrientations_iPad = "UIInterfaceOrientationPortrait UIInterfaceOrientationPortraitUpsideDown UIInterfaceOrientationLandscapeLeft UIInterfaceOrientationLandscapeRight";
				INFOPLIST_KEY_UISupportedInterfaceOrientations_iPhone = "UIInterfaceOrientationPortrait UIInterfaceOrientationLandscapeLeft UIInterfaceOrientationLandscapeRight";
				LD_RUNPATH_SEARCH_PATHS = (
					"$(inherited)",
					"@executable_path/Frameworks",
				);
				MARKETING_VERSION = 1.0;
				PRODUCT_BUNDLE_IDENTIFIER = SIV.NetologyUI;
				PRODUCT_NAME = "$(TARGET_NAME)";
				SWIFT_EMIT_LOC_STRINGS = YES;
				SWIFT_VERSION = 5.0;
				TARGETED_DEVICE_FAMILY = 1;
			};
			name = Debug;
		};
		1CF86E9627CFE2AE0045E239 /* Release */ = {
			isa = XCBuildConfiguration;
			buildSettings = {
				ASSETCATALOG_COMPILER_APPICON_NAME = AppIcon;
				ASSETCATALOG_COMPILER_GLOBAL_ACCENT_COLOR_NAME = AccentColor;
				CODE_SIGN_STYLE = Automatic;
				CURRENT_PROJECT_VERSION = 1;
				GENERATE_INFOPLIST_FILE = YES;
				INFOPLIST_FILE = NetologyUI/Info.plist;
				INFOPLIST_KEY_UIApplicationSupportsIndirectInputEvents = YES;
				INFOPLIST_KEY_UILaunchStoryboardName = Profile;
				INFOPLIST_KEY_UIMainStoryboardFile = Profile;
				INFOPLIST_KEY_UISupportedInterfaceOrientations = "UIInterfaceOrientationPortrait UIInterfaceOrientationLandscapeLeft UIInterfaceOrientationLandscapeRight";
				INFOPLIST_KEY_UISupportedInterfaceOrientations_iPad = "UIInterfaceOrientationPortrait UIInterfaceOrientationPortraitUpsideDown UIInterfaceOrientationLandscapeLeft UIInterfaceOrientationLandscapeRight";
				INFOPLIST_KEY_UISupportedInterfaceOrientations_iPhone = "UIInterfaceOrientationPortrait UIInterfaceOrientationLandscapeLeft UIInterfaceOrientationLandscapeRight";
				LD_RUNPATH_SEARCH_PATHS = (
					"$(inherited)",
					"@executable_path/Frameworks",
				);
				MARKETING_VERSION = 1.0;
				PRODUCT_BUNDLE_IDENTIFIER = SIV.NetologyUI;
				PRODUCT_NAME = "$(TARGET_NAME)";
				SWIFT_EMIT_LOC_STRINGS = YES;
				SWIFT_VERSION = 5.0;
				TARGETED_DEVICE_FAMILY = 1;
			};
			name = Release;
		};
/* End XCBuildConfiguration section */

/* Begin XCConfigurationList section */
		1CF86E7B27CFE2AD0045E239 /* Build configuration list for PBXProject "NetologyUI" */ = {
			isa = XCConfigurationList;
			buildConfigurations = (
				1CF86E9227CFE2AE0045E239 /* Debug */,
				1CF86E9327CFE2AE0045E239 /* Release */,
			);
			defaultConfigurationIsVisible = 0;
			defaultConfigurationName = Release;
		};
		1CF86E9427CFE2AE0045E239 /* Build configuration list for PBXNativeTarget "NetologyUI" */ = {
			isa = XCConfigurationList;
			buildConfigurations = (
				1CF86E9527CFE2AE0045E239 /* Debug */,
				1CF86E9627CFE2AE0045E239 /* Release */,
			);
			defaultConfigurationIsVisible = 0;
			defaultConfigurationName = Release;
		};
/* End XCConfigurationList section */
	};
	rootObject = 1CF86E7827CFE2AD0045E239 /* Project object */;
}
